
Microsoft Visual Studio Solution File, Format Version 12.00
# Visual Studio 15
VisualStudioVersion = 15.0.27130.2027
MinimumVisualStudioVersion = 10.0.40219.1
Project("{FAE04EC0-301F-11D3-BF4B-00C04F79EFBC}") = "ConsoleApp1", "ConsoleApp1\ConsoleApp1.csproj", "{FB064698-7952-49EF-B202-C109FB455F7F}"
EndProject
Global
	GlobalSection(SolutionConfigurationPlatforms) = preSolution
		Debug|Any CPU = Debug|Any CPU
		Release|Any CPU = Release|Any CPU
	EndGlobalSection
	GlobalSection(ProjectConfigurationPlatforms) = postSolution
		{FB064698-7952-49EF-B202-C109FB455F7F}.Debug|Any CPU.ActiveCfg = Debug|Any CPU
		{FB064698-7952-49EF-B202-C109FB455F7F}.Debug|Any CPU.Build.0 = Debug|Any CPU
		{FB064698-7952-49EF-B202-C109FB455F7F}.Release|Any CPU.ActiveCfg = Release|Any CPU
		{FB064698-7952-49EF-B202-C109FB455F7F}.Release|Any CPU.Build.0 = Release|Any CPU
	EndGlobalSection
	GlobalSection(SolutionProperties) = preSolution
		HideSolutionNode = FALSE
	EndGlobalSection
	GlobalSection(ExtensibilityGlobals) = postSolution
		SolutionGuid = {92D3369E-41E2-4B35-B6E5-2E33C9B6ED9B}
	EndGlobalSection
EndGlobal
